{
  "version": 4,
  "terraform_version": "1.10.3",
  "serial": 1187,
  "lineage": "93f219d4-a624-320b-f2fc-4670823ed746",
  "outputs": {
    "gcs_document_repository": {
      "value": "pdf-repository-dev-150030916493",
      "type": "string"
    },
    "notification_id": {
      "value": "pdf-repository-dev-150030916493/notificationConfigs/2",
      "type": "string"
    },
    "pubsub_topic_name": {
      "value": "ingestion-pipeline-dev",
      "type": "string"
    }
  },
  "resources": [
    {
      "mode": "managed",
      "type": "google_compute_global_address",
      "name": "private_ip_alloc",
      "provider": "provider[\"registry.terraform.io/hashicorp/google\"]",
      "instances": [
        {
          "schema_version": 0,
          "attributes": {
            "address": "172.16.0.0",
            "address_type": "INTERNAL",
            "creation_timestamp": "2025-02-07T04:46:33.195-08:00",
            "description": "",
            "effective_labels": {
              "goog-terraform-provisioned": "true"
            },
            "id": "projects/150030916493/global/addresses/adb-psa",
            "ip_version": "",
            "label_fingerprint": "vezUS-42LLM=",
            "labels": null,
            "name": "adb-psa",
            "network": "https://www.googleapis.com/compute/v1/projects/the-bot-specialist-dev/global/networks/simple-adb-doc-ingestion",
            "prefix_length": 12,
            "project": "150030916493",
            "purpose": "VPC_PEERING",
            "self_link": "https://www.googleapis.com/compute/v1/projects/the-bot-specialist-dev/global/addresses/adb-psa",
            "terraform_labels": {
              "goog-terraform-provisioned": "true"
            },
            "timeouts": null
          },
          "sensitive_attributes": [],
          "private": "eyJlMmJmYjczMC1lY2FhLTExZTYtOGY4OC0zNDM2M2JjN2M0YzAiOnsiY3JlYXRlIjoxMjAwMDAwMDAwMDAwLCJkZWxldGUiOjEyMDAwMDAwMDAwMDAsInVwZGF0ZSI6MTIwMDAwMDAwMDAwMH19",
          "dependencies": [
            "google_compute_network.default"
          ]
        }
      ]
    },
    {
      "mode": "managed",
      "type": "google_compute_network",
      "name": "default",
      "provider": "provider[\"registry.terraform.io/hashicorp/google\"]",
      "instances": [
        {
          "schema_version": 0,
          "attributes": {
            "auto_create_subnetworks": true,
            "bgp_always_compare_med": false,
            "bgp_best_path_selection_mode": "LEGACY",
            "bgp_inter_region_cost": "",
            "delete_default_routes_on_create": false,
            "description": "",
            "enable_ula_internal_ipv6": false,
            "gateway_ipv4": "",
            "id": "projects/150030916493/global/networks/simple-adb-doc-ingestion",
            "internal_ipv6_range": "",
            "mtu": 0,
            "name": "simple-adb-doc-ingestion",
            "network_firewall_policy_enforcement_order": "AFTER_CLASSIC_FIREWALL",
            "network_id": "1866180541805058289",
            "network_profile": "",
            "numeric_id": "1866180541805058289",
            "project": "150030916493",
            "routing_mode": "REGIONAL",
            "self_link": "https://www.googleapis.com/compute/v1/projects/the-bot-specialist-dev/global/networks/simple-adb-doc-ingestion",
            "timeouts": null
          },
          "sensitive_attributes": [],
          "private": "eyJlMmJmYjczMC1lY2FhLTExZTYtOGY4OC0zNDM2M2JjN2M0YzAiOnsiY3JlYXRlIjoxMjAwMDAwMDAwMDAwLCJkZWxldGUiOjEyMDAwMDAwMDAwMDAsInVwZGF0ZSI6MTIwMDAwMDAwMDAwMH19"
        }
      ]
    },
    {
      "mode": "managed",
      "type": "google_service_networking_connection",
      "name": "vpc_connection",
      "provider": "provider[\"registry.terraform.io/hashicorp/google\"]",
      "instances": [
        {
          "schema_version": 0,
          "attributes": {
            "deletion_policy": "ABANDON",
            "id": "projects%2F150030916493%2Fglobal%2Fnetworks%2Fsimple-adb-doc-ingestion:servicenetworking.googleapis.com",
            "network": "projects/150030916493/global/networks/simple-adb-doc-ingestion",
            "peering": "servicenetworking-googleapis-com",
            "reserved_peering_ranges": [
              "adb-psa"
            ],
            "service": "servicenetworking.googleapis.com",
            "timeouts": null,
            "update_on_creation_fail": null
          },
          "sensitive_attributes": [],
          "private": "eyJlMmJmYjczMC1lY2FhLTExZTYtOGY4OC0zNDM2M2JjN2M0YzAiOnsiY3JlYXRlIjo2MDAwMDAwMDAwMDAsImRlbGV0ZSI6NjAwMDAwMDAwMDAwLCJ1cGRhdGUiOjYwMDAwMDAwMDAwMH19",
          "dependencies": [
            "google_compute_global_address.private_ip_alloc",
            "google_compute_network.default"
          ]
        }
      ]
    },
    {
      "module": "module.ingestion_pipeline",
      "mode": "data",
      "type": "google_storage_project_service_account",
      "name": "gcs_account",
      "provider": "provider[\"registry.terraform.io/hashicorp/google-beta\"]",
      "instances": [
        {
          "schema_version": 0,
          "attributes": {
            "email_address": "service-150030916493@gs-project-accounts.iam.gserviceaccount.com",
            "id": "service-150030916493@gs-project-accounts.iam.gserviceaccount.com",
            "member": "serviceAccount:service-150030916493@gs-project-accounts.iam.gserviceaccount.com",
            "project": "the-bot-specialist-dev",
            "user_project": null
          },
          "sensitive_attributes": []
        }
      ]
    },
    {
      "module": "module.ingestion_pipeline",
      "mode": "managed",
      "type": "google_compute_network",
      "name": "default",
      "provider": "provider[\"registry.terraform.io/hashicorp/google\"]",
      "instances": [
        {
          "schema_version": 0,
          "attributes": {
            "auto_create_subnetworks": true,
            "bgp_always_compare_med": false,
            "bgp_best_path_selection_mode": "LEGACY",
            "bgp_inter_region_cost": "",
            "delete_default_routes_on_create": false,
            "description": "",
            "enable_ula_internal_ipv6": false,
            "gateway_ipv4": "",
            "id": "projects/the-bot-specialist-dev/global/networks/default-network",
            "internal_ipv6_range": "",
            "mtu": 0,
            "name": "default-network",
            "network_firewall_policy_enforcement_order": "AFTER_CLASSIC_FIREWALL",
            "network_id": "3294943366060005617",
            "network_profile": "",
            "numeric_id": "3294943366060005617",
            "project": "the-bot-specialist-dev",
            "routing_mode": "REGIONAL",
            "self_link": "https://www.googleapis.com/compute/v1/projects/the-bot-specialist-dev/global/networks/default-network",
            "timeouts": null
          },
          "sensitive_attributes": [],
          "private": "eyJlMmJmYjczMC1lY2FhLTExZTYtOGY4OC0zNDM2M2JjN2M0YzAiOnsiY3JlYXRlIjoxMjAwMDAwMDAwMDAwLCJkZWxldGUiOjEyMDAwMDAwMDAwMDAsInVwZGF0ZSI6MTIwMDAwMDAwMDAwMH19"
        }
      ]
    },
    {
      "module": "module.ingestion_pipeline",
      "mode": "managed",
      "type": "google_dataflow_job",
      "name": "pubsub_stream",
      "provider": "provider[\"registry.terraform.io/hashicorp/google\"]",
      "instances": [
        {
          "schema_version": 1,
          "attributes": {
            "additional_experiments": [],
            "effective_labels": {
              "goog-terraform-provisioned": "true"
            },
            "enable_streaming_engine": true,
            "id": "2025-02-07_04_46_20-8157358420850799952",
            "ip_configuration": null,
            "job_id": "2025-02-07_04_46_20-8157358420850799952",
            "kms_key_name": "",
            "labels": null,
            "machine_type": "n1-standard-8",
            "max_workers": null,
            "name": "doc-ingestion-pipeline-dev-JOB",
            "network": "default",
            "on_delete": "cancel",
            "parameters": null,
            "project": "the-bot-specialist-dev",
            "region": "us-central1",
            "service_account_email": "",
            "skip_wait_on_job_termination": false,
            "state": "JOB_STATE_PENDING",
            "subnetwork": "regions/us-central1/subnetworks/default-subnet",
            "temp_gcs_location": "gs://doc-ingestion-pipeline-dev/tmp",
            "template_gcs_path": "gs://doc-ingestion-pipeline-dev/templates/doc_ingestion_template",
            "terraform_labels": {
              "goog-terraform-provisioned": "true"
            },
            "timeouts": null,
            "transform_name_mapping": null,
            "type": "JOB_TYPE_STREAMING",
            "zone": null
          },
          "sensitive_attributes": [],
          "private": "eyJlMmJmYjczMC1lY2FhLTExZTYtOGY4OC0zNDM2M2JjN2M0YzAiOnsidXBkYXRlIjo2MDAwMDAwMDAwMDB9LCJzY2hlbWFfdmVyc2lvbiI6IjEifQ==",
          "dependencies": [
            "module.ingestion_pipeline.google_project_iam_member.terraform_roles",
            "module.ingestion_pipeline.google_service_account.terraform_sa",
            "module.ingestion_pipeline.google_storage_bucket.doc_ingestion",
            "module.ingestion_pipeline.google_storage_bucket.pdf_repo",
            "module.ingestion_pipeline.google_storage_bucket_iam_member.pdf_repo_role"
          ]
        }
      ]
    },
    {
      "module": "module.ingestion_pipeline",
      "mode": "managed",
      "type": "google_project_iam_member",
      "name": "terraform_roles",
      "provider": "provider[\"registry.terraform.io/hashicorp/google\"]",
      "instances": [
        {
          "index_key": "roles/compute.admin",
          "schema_version": 0,
          "attributes": {
            "condition": [],
            "etag": "BwYte2veRZo=",
            "id": "the-bot-specialist-dev/roles/compute.admin/serviceAccount:terraform-deployer@the-bot-specialist-dev.iam.gserviceaccount.com",
            "member": "serviceAccount:terraform-deployer@the-bot-specialist-dev.iam.gserviceaccount.com",
            "project": "the-bot-specialist-dev",
            "role": "roles/compute.admin"
          },
          "sensitive_attributes": [],
          "private": "bnVsbA==",
          "dependencies": [
            "module.ingestion_pipeline.google_service_account.terraform_sa"
          ]
        },
        {
          "index_key": "roles/dataflow.admin",
          "schema_version": 0,
          "attributes": {
            "condition": [],
            "etag": "BwYte2veRZo=",
            "id": "the-bot-specialist-dev/roles/dataflow.admin/serviceAccount:terraform-deployer@the-bot-specialist-dev.iam.gserviceaccount.com",
            "member": "serviceAccount:terraform-deployer@the-bot-specialist-dev.iam.gserviceaccount.com",
            "project": "the-bot-specialist-dev",
            "role": "roles/dataflow.admin"
          },
          "sensitive_attributes": [],
          "private": "bnVsbA==",
          "dependencies": [
            "module.ingestion_pipeline.google_service_account.terraform_sa"
          ]
        },
        {
          "index_key": "roles/pubsub.admin",
          "schema_version": 0,
          "attributes": {
            "condition": [],
            "etag": "BwYte2veRZo=",
            "id": "the-bot-specialist-dev/roles/pubsub.admin/serviceAccount:terraform-deployer@the-bot-specialist-dev.iam.gserviceaccount.com",
            "member": "serviceAccount:terraform-deployer@the-bot-specialist-dev.iam.gserviceaccount.com",
            "project": "the-bot-specialist-dev",
            "role": "roles/pubsub.admin"
          },
          "sensitive_attributes": [],
          "private": "bnVsbA==",
          "dependencies": [
            "module.ingestion_pipeline.google_service_account.terraform_sa"
          ]
        },
        {
          "index_key": "roles/storage.admin",
          "schema_version": 0,
          "attributes": {
            "condition": [],
            "etag": "BwYte2veRZo=",
            "id": "the-bot-specialist-dev/roles/storage.admin/serviceAccount:terraform-deployer@the-bot-specialist-dev.iam.gserviceaccount.com",
            "member": "serviceAccount:terraform-deployer@the-bot-specialist-dev.iam.gserviceaccount.com",
            "project": "the-bot-specialist-dev",
            "role": "roles/storage.admin"
          },
          "sensitive_attributes": [],
          "private": "bnVsbA==",
          "dependencies": [
            "module.ingestion_pipeline.google_service_account.terraform_sa"
          ]
        }
      ]
    },
    {
      "module": "module.ingestion_pipeline",
      "mode": "managed",
      "type": "google_pubsub_subscription",
      "name": "subscription",
      "provider": "provider[\"registry.terraform.io/hashicorp/google\"]",
      "instances": [
        {
          "schema_version": 0,
          "attributes": {
            "ack_deadline_seconds": 20,
            "bigquery_config": [],
            "cloud_storage_config": [],
            "dead_letter_policy": [],
            "effective_labels": {
              "goog-terraform-provisioned": "true"
            },
            "enable_exactly_once_delivery": false,
            "enable_message_ordering": false,
            "expiration_policy": [
              {
                "ttl": "2678400s"
              }
            ],
            "filter": "",
            "id": "projects/the-bot-specialist-dev/subscriptions/ingestion-pipeline-dev-subscription",
            "labels": {},
            "message_retention_duration": "86400s",
            "name": "ingestion-pipeline-dev-subscription",
            "project": "the-bot-specialist-dev",
            "push_config": [],
            "retain_acked_messages": true,
            "retry_policy": [],
            "terraform_labels": {
              "goog-terraform-provisioned": "true"
            },
            "timeouts": null,
            "topic": "projects/the-bot-specialist-dev/topics/ingestion-pipeline-dev"
          },
          "sensitive_attributes": [],
          "private": "eyJlMmJmYjczMC1lY2FhLTExZTYtOGY4OC0zNDM2M2JjN2M0YzAiOnsiY3JlYXRlIjoxMjAwMDAwMDAwMDAwLCJkZWxldGUiOjEyMDAwMDAwMDAwMDAsInVwZGF0ZSI6MTIwMDAwMDAwMDAwMH19",
          "dependencies": [
            "module.ingestion_pipeline.google_pubsub_topic.topic"
          ]
        }
      ]
    },
    {
      "module": "module.ingestion_pipeline",
      "mode": "managed",
      "type": "google_pubsub_topic",
      "name": "topic",
      "provider": "provider[\"registry.terraform.io/hashicorp/google\"]",
      "instances": [
        {
          "schema_version": 0,
          "attributes": {
            "effective_labels": {
              "goog-terraform-provisioned": "true"
            },
            "id": "projects/the-bot-specialist-dev/topics/ingestion-pipeline-dev",
            "ingestion_data_source_settings": [],
            "kms_key_name": "",
            "labels": {},
            "message_retention_duration": "",
            "message_storage_policy": [],
            "name": "ingestion-pipeline-dev",
            "project": "the-bot-specialist-dev",
            "schema_settings": [],
            "terraform_labels": {
              "goog-terraform-provisioned": "true"
            },
            "timeouts": null
          },
          "sensitive_attributes": [],
          "private": "eyJlMmJmYjczMC1lY2FhLTExZTYtOGY4OC0zNDM2M2JjN2M0YzAiOnsiY3JlYXRlIjoxMjAwMDAwMDAwMDAwLCJkZWxldGUiOjEyMDAwMDAwMDAwMDAsInVwZGF0ZSI6MTIwMDAwMDAwMDAwMH19"
        }
      ]
    },
    {
      "module": "module.ingestion_pipeline",
      "mode": "managed",
      "type": "google_pubsub_topic_iam_binding",
      "name": "binding",
      "provider": "provider[\"registry.terraform.io/hashicorp/google-beta\"]",
      "instances": [
        {
          "schema_version": 0,
          "attributes": {
            "condition": [],
            "etag": "BwYte2sZVjk=",
            "id": "projects/the-bot-specialist-dev/topics/ingestion-pipeline-dev/roles/pubsub.publisher",
            "members": [
              "serviceAccount:service-150030916493@gs-project-accounts.iam.gserviceaccount.com"
            ],
            "project": "the-bot-specialist-dev",
            "role": "roles/pubsub.publisher",
            "topic": "projects/the-bot-specialist-dev/topics/ingestion-pipeline-dev"
          },
          "sensitive_attributes": [],
          "private": "bnVsbA==",
          "dependencies": [
            "module.ingestion_pipeline.data.google_storage_project_service_account.gcs_account",
            "module.ingestion_pipeline.google_pubsub_topic.topic"
          ]
        }
      ]
    },
    {
      "module": "module.ingestion_pipeline",
      "mode": "managed",
      "type": "google_service_account",
      "name": "terraform_sa",
      "provider": "provider[\"registry.terraform.io/hashicorp/google\"]",
      "instances": [
        {
          "schema_version": 0,
          "attributes": {
            "account_id": "terraform-deployer",
            "create_ignore_already_exists": null,
            "description": "",
            "disabled": false,
            "display_name": "Terraform Deployment Service Account",
            "email": "terraform-deployer@the-bot-specialist-dev.iam.gserviceaccount.com",
            "id": "projects/the-bot-specialist-dev/serviceAccounts/terraform-deployer@the-bot-specialist-dev.iam.gserviceaccount.com",
            "member": "serviceAccount:terraform-deployer@the-bot-specialist-dev.iam.gserviceaccount.com",
            "name": "projects/the-bot-specialist-dev/serviceAccounts/terraform-deployer@the-bot-specialist-dev.iam.gserviceaccount.com",
            "project": "the-bot-specialist-dev",
            "timeouts": null,
            "unique_id": "100060281228806880901"
          },
          "sensitive_attributes": [],
          "private": "eyJlMmJmYjczMC1lY2FhLTExZTYtOGY4OC0zNDM2M2JjN2M0YzAiOnsiY3JlYXRlIjozMDAwMDAwMDAwMDB9fQ=="
        }
      ]
    },
    {
      "module": "module.ingestion_pipeline",
      "mode": "managed",
      "type": "google_storage_bucket",
      "name": "doc_ingestion",
      "provider": "provider[\"registry.terraform.io/hashicorp/google\"]",
      "instances": [
        {
          "schema_version": 3,
          "attributes": {
            "autoclass": [],
            "cors": [],
            "custom_placement_config": [],
            "default_event_based_hold": false,
            "effective_labels": {
              "goog-terraform-provisioned": "true"
            },
            "enable_object_retention": false,
            "encryption": [],
            "force_destroy": true,
            "hierarchical_namespace": [
              {
                "enabled": false
              }
            ],
            "id": "doc-ingestion-pipeline-dev",
            "labels": {},
            "lifecycle_rule": [],
            "location": "US",
            "logging": [],
            "name": "doc-ingestion-pipeline-dev",
            "project": "the-bot-specialist-dev",
            "project_number": 150030916493,
            "public_access_prevention": "inherited",
            "requester_pays": false,
            "retention_policy": [],
            "rpo": "DEFAULT",
            "self_link": "https://www.googleapis.com/storage/v1/b/doc-ingestion-pipeline-dev",
            "soft_delete_policy": [
              {
                "effective_time": "2025-02-06T16:05:57.759Z",
                "retention_duration_seconds": 604800
              }
            ],
            "storage_class": "STANDARD",
            "terraform_labels": {
              "goog-terraform-provisioned": "true"
            },
            "timeouts": null,
            "uniform_bucket_level_access": false,
            "url": "gs://doc-ingestion-pipeline-dev",
            "versioning": [],
            "website": []
          },
          "sensitive_attributes": [],
          "private": "eyJlMmJmYjczMC1lY2FhLTExZTYtOGY4OC0zNDM2M2JjN2M0YzAiOnsiY3JlYXRlIjo2MDAwMDAwMDAwMDAsInJlYWQiOjI0MDAwMDAwMDAwMCwidXBkYXRlIjoyNDAwMDAwMDAwMDB9LCJzY2hlbWFfdmVyc2lvbiI6IjMifQ=="
        }
      ]
    },
    {
      "module": "module.ingestion_pipeline",
      "mode": "managed",
      "type": "google_storage_bucket",
      "name": "pdf_repo",
      "provider": "provider[\"registry.terraform.io/hashicorp/google\"]",
      "instances": [
        {
          "schema_version": 3,
          "attributes": {
            "autoclass": [],
            "cors": [],
            "custom_placement_config": [],
            "default_event_based_hold": false,
            "effective_labels": {
              "goog-terraform-provisioned": "true"
            },
            "enable_object_retention": false,
            "encryption": [],
            "force_destroy": true,
            "hierarchical_namespace": [
              {
                "enabled": false
              }
            ],
            "id": "pdf-repository-dev-150030916493",
            "labels": {},
            "lifecycle_rule": [
              {
                "action": [
                  {
                    "storage_class": "",
                    "type": "Delete"
                  }
                ],
                "condition": [
                  {
                    "age": 30,
                    "created_before": "",
                    "custom_time_before": "",
                    "days_since_custom_time": 0,
                    "days_since_noncurrent_time": 0,
                    "matches_prefix": [],
                    "matches_storage_class": [],
                    "matches_suffix": [],
                    "noncurrent_time_before": "",
                    "num_newer_versions": 0,
                    "send_age_if_zero": false,
                    "send_days_since_custom_time_if_zero": false,
                    "send_days_since_noncurrent_time_if_zero": false,
                    "send_num_newer_versions_if_zero": false,
                    "with_state": "ANY"
                  }
                ]
              }
            ],
            "location": "US",
            "logging": [],
            "name": "pdf-repository-dev-150030916493",
            "project": "the-bot-specialist-dev",
            "project_number": 150030916493,
            "public_access_prevention": "inherited",
            "requester_pays": false,
            "retention_policy": [],
            "rpo": "DEFAULT",
            "self_link": "https://www.googleapis.com/storage/v1/b/pdf-repository-dev-150030916493",
            "soft_delete_policy": [
              {
                "effective_time": "2025-02-06T16:05:57.180Z",
                "retention_duration_seconds": 604800
              }
            ],
            "storage_class": "STANDARD",
            "terraform_labels": {
              "goog-terraform-provisioned": "true"
            },
            "timeouts": null,
            "uniform_bucket_level_access": false,
            "url": "gs://pdf-repository-dev-150030916493",
            "versioning": [],
            "website": []
          },
          "sensitive_attributes": [],
          "private": "eyJlMmJmYjczMC1lY2FhLTExZTYtOGY4OC0zNDM2M2JjN2M0YzAiOnsiY3JlYXRlIjo2MDAwMDAwMDAwMDAsInJlYWQiOjI0MDAwMDAwMDAwMCwidXBkYXRlIjoyNDAwMDAwMDAwMDB9LCJzY2hlbWFfdmVyc2lvbiI6IjMifQ=="
        }
      ]
    },
    {
      "module": "module.ingestion_pipeline",
      "mode": "managed",
      "type": "google_storage_bucket_iam_member",
      "name": "pdf_repo_role",
      "provider": "provider[\"registry.terraform.io/hashicorp/google\"]",
      "instances": [
        {
          "schema_version": 0,
          "attributes": {
            "bucket": "b/pdf-repository-dev-150030916493",
            "condition": [],
            "etag": "CAM=",
            "id": "b/pdf-repository-dev-150030916493/roles/storage.objectAdmin/serviceAccount:terraform-deployer@the-bot-specialist-dev.iam.gserviceaccount.com",
            "member": "serviceAccount:terraform-deployer@the-bot-specialist-dev.iam.gserviceaccount.com",
            "role": "roles/storage.objectAdmin"
          },
          "sensitive_attributes": [],
          "private": "bnVsbA==",
          "dependencies": [
            "module.ingestion_pipeline.google_service_account.terraform_sa",
            "module.ingestion_pipeline.google_storage_bucket.pdf_repo"
          ]
        }
      ]
    },
    {
      "module": "module.ingestion_pipeline",
      "mode": "managed",
      "type": "google_storage_notification",
      "name": "bucket_notification",
      "provider": "provider[\"registry.terraform.io/hashicorp/google\"]",
      "instances": [
        {
          "schema_version": 0,
          "attributes": {
            "bucket": "pdf-repository-dev-150030916493",
            "custom_attributes": {},
            "event_types": [
              "OBJECT_FINALIZE",
              "OBJECT_METADATA_UPDATE"
            ],
            "id": "pdf-repository-dev-150030916493/notificationConfigs/2",
            "notification_id": "2",
            "object_name_prefix": "",
            "payload_format": "JSON_API_V1",
            "self_link": "https://www.googleapis.com/storage/v1/b/pdf-repository-dev-150030916493/notificationConfigs/2",
            "topic": "//pubsub.googleapis.com/projects/the-bot-specialist-dev/topics/ingestion-pipeline-dev"
          },
          "sensitive_attributes": [],
          "private": "bnVsbA==",
          "dependencies": [
            "module.ingestion_pipeline.data.google_storage_project_service_account.gcs_account",
            "module.ingestion_pipeline.google_pubsub_topic.topic",
            "module.ingestion_pipeline.google_pubsub_topic_iam_binding.binding",
            "module.ingestion_pipeline.google_service_account.terraform_sa",
            "module.ingestion_pipeline.google_storage_bucket.pdf_repo",
            "module.ingestion_pipeline.google_storage_bucket_iam_member.pdf_repo_role"
          ]
        }
      ]
    }
  ],
  "check_results": null
}
