{
  "version": 4,
  "terraform_version": "1.10.3",
  "serial": 696,
  "lineage": "93f219d4-a624-320b-f2fc-4670823ed746",
  "outputs": {
    "gcs_document_repository": {
      "value": "pdf-repository-dev-680560386191",
      "type": "string"
    },
    "notification_id": {
      "value": "pdf-repository-dev-680560386191/notificationConfigs/4",
      "type": "string"
    },
    "pubsub_topic_name": {
      "value": "ingestion-pipeline-dev",
      "type": "string"
    }
  },
  "resources": [
    {
      "mode": "managed",
      "type": "google_compute_global_address",
      "name": "private_ip_alloc",
      "provider": "provider[\"registry.terraform.io/hashicorp/google\"]",
      "instances": [
        {
          "schema_version": 0,
          "attributes": {
            "address": "172.16.0.0",
            "address_type": "INTERNAL",
            "creation_timestamp": "2025-01-30T03:09:53.530-08:00",
            "description": "",
            "effective_labels": {
              "goog-terraform-provisioned": "true"
            },
            "id": "projects/680560386191/global/addresses/adb-psa",
            "ip_version": "",
            "label_fingerprint": "vezUS-42LLM=",
            "labels": null,
            "name": "adb-psa",
            "network": "https://www.googleapis.com/compute/v1/projects/bot-especialist-dev/global/networks/simple-adb",
            "prefix_length": 12,
            "project": "680560386191",
            "purpose": "VPC_PEERING",
            "self_link": "https://www.googleapis.com/compute/v1/projects/bot-especialist-dev/global/addresses/adb-psa",
            "terraform_labels": {
              "goog-terraform-provisioned": "true"
            },
            "timeouts": null
          },
          "sensitive_attributes": [],
          "private": "eyJlMmJmYjczMC1lY2FhLTExZTYtOGY4OC0zNDM2M2JjN2M0YzAiOnsiY3JlYXRlIjoxMjAwMDAwMDAwMDAwLCJkZWxldGUiOjEyMDAwMDAwMDAwMDAsInVwZGF0ZSI6MTIwMDAwMDAwMDAwMH19",
          "dependencies": [
            "google_compute_network.default"
          ]
        }
      ]
    },
    {
      "mode": "managed",
      "type": "google_compute_network",
      "name": "default",
      "provider": "provider[\"registry.terraform.io/hashicorp/google\"]",
      "instances": [
        {
          "schema_version": 0,
          "attributes": {
            "auto_create_subnetworks": true,
            "delete_default_routes_on_create": false,
            "description": "",
            "enable_ula_internal_ipv6": false,
            "gateway_ipv4": "",
            "id": "projects/680560386191/global/networks/simple-adb",
            "internal_ipv6_range": "",
            "mtu": 0,
            "name": "simple-adb",
            "network_firewall_policy_enforcement_order": "AFTER_CLASSIC_FIREWALL",
            "numeric_id": "4933181271581320919",
            "project": "680560386191",
            "routing_mode": "REGIONAL",
            "self_link": "https://www.googleapis.com/compute/v1/projects/bot-especialist-dev/global/networks/simple-adb",
            "timeouts": null
          },
          "sensitive_attributes": [],
          "private": "eyJlMmJmYjczMC1lY2FhLTExZTYtOGY4OC0zNDM2M2JjN2M0YzAiOnsiY3JlYXRlIjoxMjAwMDAwMDAwMDAwLCJkZWxldGUiOjEyMDAwMDAwMDAwMDAsInVwZGF0ZSI6MTIwMDAwMDAwMDAwMH19"
        }
      ]
    },
    {
      "mode": "managed",
      "type": "google_service_networking_connection",
      "name": "vpc_connection",
      "provider": "provider[\"registry.terraform.io/hashicorp/google\"]",
      "instances": [
        {
          "schema_version": 0,
          "attributes": {
            "deletion_policy": "ABANDON",
            "id": "projects%2F680560386191%2Fglobal%2Fnetworks%2Fsimple-adb:servicenetworking.googleapis.com",
            "network": "projects/680560386191/global/networks/simple-adb",
            "peering": "servicenetworking-googleapis-com",
            "reserved_peering_ranges": [
              "adb-psa"
            ],
            "service": "servicenetworking.googleapis.com",
            "timeouts": null,
            "update_on_creation_fail": null
          },
          "sensitive_attributes": [],
          "private": "eyJlMmJmYjczMC1lY2FhLTExZTYtOGY4OC0zNDM2M2JjN2M0YzAiOnsiY3JlYXRlIjo2MDAwMDAwMDAwMDAsImRlbGV0ZSI6NjAwMDAwMDAwMDAwLCJ1cGRhdGUiOjYwMDAwMDAwMDAwMH19",
          "dependencies": [
            "google_compute_global_address.private_ip_alloc",
            "google_compute_network.default"
          ]
        }
      ]
    },
    {
      "module": "module.ingestion_pipeline",
      "mode": "data",
      "type": "google_storage_project_service_account",
      "name": "gcs_account",
      "provider": "provider[\"registry.terraform.io/hashicorp/google-beta\"]",
      "instances": [
        {
          "schema_version": 0,
          "attributes": {
            "email_address": "service-680560386191@gs-project-accounts.iam.gserviceaccount.com",
            "id": "service-680560386191@gs-project-accounts.iam.gserviceaccount.com",
            "member": "serviceAccount:service-680560386191@gs-project-accounts.iam.gserviceaccount.com",
            "project": "bot-especialist-dev",
            "user_project": null
          },
          "sensitive_attributes": []
        }
      ]
    },
    {
      "module": "module.ingestion_pipeline",
      "mode": "managed",
      "type": "google_pubsub_subscription",
      "name": "subscription",
      "provider": "module.ingestion_pipeline.provider[\"registry.terraform.io/hashicorp/google\"]",
      "instances": [
        {
          "schema_version": 0,
          "attributes": {
            "ack_deadline_seconds": 20,
            "bigquery_config": [],
            "cloud_storage_config": [],
            "dead_letter_policy": [],
            "effective_labels": {
              "goog-terraform-provisioned": "true"
            },
            "enable_exactly_once_delivery": false,
            "enable_message_ordering": false,
            "expiration_policy": [
              {
                "ttl": "2678400s"
              }
            ],
            "filter": "",
            "id": "projects/680560386191/subscriptions/ingestion-pipeline-dev-subscription",
            "labels": null,
            "message_retention_duration": "86400s",
            "name": "ingestion-pipeline-dev-subscription",
            "project": "680560386191",
            "push_config": [],
            "retain_acked_messages": true,
            "retry_policy": [],
            "terraform_labels": {
              "goog-terraform-provisioned": "true"
            },
            "timeouts": null,
            "topic": "projects/bot-especialist-dev/topics/ingestion-pipeline-dev"
          },
          "sensitive_attributes": [],
          "private": "eyJlMmJmYjczMC1lY2FhLTExZTYtOGY4OC0zNDM2M2JjN2M0YzAiOnsiY3JlYXRlIjoxMjAwMDAwMDAwMDAwLCJkZWxldGUiOjEyMDAwMDAwMDAwMDAsInVwZGF0ZSI6MTIwMDAwMDAwMDAwMH19",
          "dependencies": [
            "module.ingestion_pipeline.google_pubsub_topic.topic"
          ]
        }
      ]
    },
    {
      "module": "module.ingestion_pipeline",
      "mode": "managed",
      "type": "google_pubsub_topic",
      "name": "topic",
      "provider": "provider[\"registry.terraform.io/hashicorp/google-beta\"]",
      "instances": [
        {
          "schema_version": 0,
          "attributes": {
            "effective_labels": {
              "goog-terraform-provisioned": "true"
            },
            "id": "projects/bot-especialist-dev/topics/ingestion-pipeline-dev",
            "ingestion_data_source_settings": [],
            "kms_key_name": "",
            "labels": {},
            "message_retention_duration": "",
            "message_storage_policy": [],
            "name": "ingestion-pipeline-dev",
            "project": "bot-especialist-dev",
            "schema_settings": [],
            "terraform_labels": {
              "goog-terraform-provisioned": "true"
            },
            "timeouts": null
          },
          "sensitive_attributes": [],
          "private": "eyJlMmJmYjczMC1lY2FhLTExZTYtOGY4OC0zNDM2M2JjN2M0YzAiOnsiY3JlYXRlIjoxMjAwMDAwMDAwMDAwLCJkZWxldGUiOjEyMDAwMDAwMDAwMDAsInVwZGF0ZSI6MTIwMDAwMDAwMDAwMH19"
        }
      ]
    },
    {
      "module": "module.ingestion_pipeline",
      "mode": "managed",
      "type": "google_pubsub_topic_iam_binding",
      "name": "binding",
      "provider": "provider[\"registry.terraform.io/hashicorp/google-beta\"]",
      "instances": [
        {
          "schema_version": 0,
          "attributes": {
            "condition": [],
            "etag": "BwYs6h9AFbE=",
            "id": "projects/bot-especialist-dev/topics/ingestion-pipeline-dev/roles/pubsub.publisher",
            "members": [
              "serviceAccount:service-680560386191@gs-project-accounts.iam.gserviceaccount.com"
            ],
            "project": "bot-especialist-dev",
            "role": "roles/pubsub.publisher",
            "topic": "projects/bot-especialist-dev/topics/ingestion-pipeline-dev"
          },
          "sensitive_attributes": [],
          "private": "bnVsbA==",
          "dependencies": [
            "module.ingestion_pipeline.data.google_storage_project_service_account.gcs_account",
            "module.ingestion_pipeline.google_pubsub_topic.topic"
          ]
        }
      ]
    },
    {
      "module": "module.ingestion_pipeline",
      "mode": "managed",
      "type": "google_storage_bucket",
      "name": "bucket",
      "provider": "module.ingestion_pipeline.provider[\"registry.terraform.io/hashicorp/google\"]",
      "instances": [
        {
          "schema_version": 3,
          "attributes": {
            "autoclass": [],
            "cors": [],
            "custom_placement_config": [],
            "default_event_based_hold": false,
            "effective_labels": {
              "goog-terraform-provisioned": "true"
            },
            "enable_object_retention": false,
            "encryption": [],
            "force_destroy": true,
            "hierarchical_namespace": [
              {
                "enabled": false
              }
            ],
            "id": "pdf-repository-dev-680560386191",
            "labels": {},
            "lifecycle_rule": [
              {
                "action": [
                  {
                    "storage_class": "",
                    "type": "Delete"
                  }
                ],
                "condition": [
                  {
                    "age": 30,
                    "created_before": "",
                    "custom_time_before": "",
                    "days_since_custom_time": 0,
                    "days_since_noncurrent_time": 0,
                    "matches_prefix": [],
                    "matches_storage_class": [],
                    "matches_suffix": [],
                    "noncurrent_time_before": "",
                    "num_newer_versions": 0,
                    "send_age_if_zero": false,
                    "send_days_since_custom_time_if_zero": false,
                    "send_days_since_noncurrent_time_if_zero": false,
                    "send_num_newer_versions_if_zero": false,
                    "with_state": "ANY"
                  }
                ]
              }
            ],
            "location": "US",
            "logging": [],
            "name": "pdf-repository-dev-680560386191",
            "project": "bot-especialist-dev",
            "project_number": 680560386191,
            "public_access_prevention": "inherited",
            "requester_pays": false,
            "retention_policy": [],
            "rpo": "DEFAULT",
            "self_link": "https://www.googleapis.com/storage/v1/b/pdf-repository-dev-680560386191",
            "soft_delete_policy": [
              {
                "effective_time": "2025-01-30T10:45:13.465Z",
                "retention_duration_seconds": 604800
              }
            ],
            "storage_class": "STANDARD",
            "terraform_labels": {
              "goog-terraform-provisioned": "true"
            },
            "timeouts": null,
            "uniform_bucket_level_access": false,
            "url": "gs://pdf-repository-dev-680560386191",
            "versioning": [],
            "website": []
          },
          "sensitive_attributes": [],
          "private": "eyJlMmJmYjczMC1lY2FhLTExZTYtOGY4OC0zNDM2M2JjN2M0YzAiOnsiY3JlYXRlIjo2MDAwMDAwMDAwMDAsInJlYWQiOjI0MDAwMDAwMDAwMCwidXBkYXRlIjoyNDAwMDAwMDAwMDB9LCJzY2hlbWFfdmVyc2lvbiI6IjMifQ=="
        }
      ]
    },
    {
      "module": "module.ingestion_pipeline",
      "mode": "managed",
      "type": "google_storage_bucket_iam_member",
      "name": "bucket_role_assignment",
      "provider": "module.ingestion_pipeline.provider[\"registry.terraform.io/hashicorp/google\"]",
      "instances": [
        {
          "schema_version": 0,
          "attributes": {
            "bucket": "b/pdf-repository-dev-680560386191",
            "condition": [],
            "etag": "CAU=",
            "id": "b/pdf-repository-dev-680560386191/roles/storage.objectAdmin/serviceAccount:service-680560386191@gs-project-accounts.iam.gserviceaccount.com",
            "member": "serviceAccount:service-680560386191@gs-project-accounts.iam.gserviceaccount.com",
            "role": "roles/storage.objectAdmin"
          },
          "sensitive_attributes": [],
          "private": "bnVsbA==",
          "dependencies": [
            "module.ingestion_pipeline.data.google_storage_project_service_account.gcs_account",
            "module.ingestion_pipeline.google_storage_bucket.bucket"
          ]
        }
      ]
    },
    {
      "module": "module.ingestion_pipeline",
      "mode": "managed",
      "type": "google_storage_notification",
      "name": "bucket_notification",
      "provider": "module.ingestion_pipeline.provider[\"registry.terraform.io/hashicorp/google\"]",
      "instances": [
        {
          "schema_version": 0,
          "attributes": {
            "bucket": "pdf-repository-dev-680560386191",
            "custom_attributes": {},
            "event_types": [
              "OBJECT_FINALIZE",
              "OBJECT_METADATA_UPDATE"
            ],
            "id": "pdf-repository-dev-680560386191/notificationConfigs/4",
            "notification_id": "4",
            "object_name_prefix": "",
            "payload_format": "JSON_API_V1",
            "self_link": "https://www.googleapis.com/storage/v1/b/pdf-repository-dev-680560386191/notificationConfigs/4",
            "topic": "//pubsub.googleapis.com/projects/bot-especialist-dev/topics/ingestion-pipeline-dev"
          },
          "sensitive_attributes": [],
          "private": "bnVsbA==",
          "dependencies": [
            "module.ingestion_pipeline.data.google_storage_project_service_account.gcs_account",
            "module.ingestion_pipeline.google_pubsub_topic.topic",
            "module.ingestion_pipeline.google_pubsub_topic_iam_binding.binding",
            "module.ingestion_pipeline.google_storage_bucket.bucket",
            "module.ingestion_pipeline.google_storage_bucket_iam_member.bucket_role_assignment"
          ]
        }
      ]
    }
  ],
  "check_results": null
}
